
Microsoft Visual Studio Solution File, Format Version 12.00
# Visual Studio Version 16
VisualStudioVersion = 16.0.31105.61
MinimumVisualStudioVersion = 10.0.40219.1
Project("{FAE04EC0-301F-11D3-BF4B-00C04F79EFBC}") = "aks_projeto_api", "aks_projeto_api\aks_projeto_api.csproj", "{0451BA71-41A5-48CB-9982-B76A7850A623}"
EndProject
Global
	GlobalSection(SolutionConfigurationPlatforms) = preSolution
		Debug|Any CPU = Debug|Any CPU
		Release|Any CPU = Release|Any CPU
	EndGlobalSection
	GlobalSection(ProjectConfigurationPlatforms) = postSolution
		{0451BA71-41A5-48CB-9982-B76A7850A623}.Debug|Any CPU.ActiveCfg = Debug|Any CPU
		{0451BA71-41A5-48CB-9982-B76A7850A623}.Debug|Any CPU.Build.0 = Debug|Any CPU
		{0451BA71-41A5-48CB-9982-B76A7850A623}.Release|Any CPU.ActiveCfg = Release|Any CPU
		{0451BA71-41A5-48CB-9982-B76A7850A623}.Release|Any CPU.Build.0 = Release|Any CPU
	EndGlobalSection
	GlobalSection(SolutionProperties) = preSolution
		HideSolutionNode = FALSE
	EndGlobalSection
	GlobalSection(ExtensibilityGlobals) = postSolution
		SolutionGuid = {F414DE7D-C49B-4D2F-B96B-7634AF9E0A36}
	EndGlobalSection
EndGlobal
